
Microsoft Visual Studio Solution File, Format Version 12.00
# Visual Studio Version 17
VisualStudioVersion = 17.0.31912.275
MinimumVisualStudioVersion = 10.0.40219.1
Project("{FAE04EC0-301F-11D3-BF4B-00C04F79EFBC}") = "AdventOfCode_2021", "AdventOfCode_2021.csproj", "{B7C3091F-4310-475F-9513-EDC18DAD1FD5}"
EndProject
Global
	GlobalSection(SolutionConfigurationPlatforms) = preSolution
		Debug|Any CPU = Debug|Any CPU
		Release|Any CPU = Release|Any CPU
	EndGlobalSection
	GlobalSection(ProjectConfigurationPlatforms) = postSolution
		{B7C3091F-4310-475F-9513-EDC18DAD1FD5}.Debug|Any CPU.ActiveCfg = Debug|Any CPU
		{B7C3091F-4310-475F-9513-EDC18DAD1FD5}.Debug|Any CPU.Build.0 = Debug|Any CPU
		{B7C3091F-4310-475F-9513-EDC18DAD1FD5}.Release|Any CPU.ActiveCfg = Release|Any CPU
		{B7C3091F-4310-475F-9513-EDC18DAD1FD5}.Release|Any CPU.Build.0 = Release|Any CPU
	EndGlobalSection
	GlobalSection(SolutionProperties) = preSolution
		HideSolutionNode = FALSE
	EndGlobalSection
	GlobalSection(ExtensibilityGlobals) = postSolution
		SolutionGuid = {4228C950-327F-4DB8-AB80-A434EB3C5DDE}
	EndGlobalSection
EndGlobal
